// !$*UTF8*$!
{
	archiveVersion = 1;
	classes = {
	};
	objectVersion = 55;
	objects = {

/* Begin PBXBuildFile section */
		620E9724289DA409005D812E /* LoginView.swift in Sources */ = {isa = PBXBuildFile; fileRef = 620E9723289DA409005D812E /* LoginView.swift */; };
		620E9727289ED9F8005D812E /* LoginModel.swift in Sources */ = {isa = PBXBuildFile; fileRef = 620E9726289ED9F8005D812E /* LoginModel.swift */; };
		62837705289C58690088F226 /* LoginScreenApp.swift in Sources */ = {isa = PBXBuildFile; fileRef = 62837704289C58690088F226 /* LoginScreenApp.swift */; };
		62837709289C586C0088F226 /* Assets.xcassets in Resources */ = {isa = PBXBuildFile; fileRef = 62837708289C586C0088F226 /* Assets.xcassets */; };
		6283770C289C586C0088F226 /* Preview Assets.xcassets in Resources */ = {isa = PBXBuildFile; fileRef = 6283770B289C586C0088F226 /* Preview Assets.xcassets */; };
		62837716289C586C0088F226 /* LoginScreenTests.swift in Sources */ = {isa = PBXBuildFile; fileRef = 62837715289C586C0088F226 /* LoginScreenTests.swift */; };
		62837720289C586C0088F226 /* LoginScreenUITests.swift in Sources */ = {isa = PBXBuildFile; fileRef = 6283771F289C586C0088F226 /* LoginScreenUITests.swift */; };
		62837722289C586C0088F226 /* LoginScreenUITestsLaunchTests.swift in Sources */ = {isa = PBXBuildFile; fileRef = 62837721289C586C0088F226 /* LoginScreenUITestsLaunchTests.swift */; };
		6283772F289C5B570088F226 /* PrimaryButton.swift in Sources */ = {isa = PBXBuildFile; fileRef = 6283772E289C5B570088F226 /* PrimaryButton.swift */; };
		62B8975028B68A7C00F0E6D4 /* LoginManager.swift in Sources */ = {isa = PBXBuildFile; fileRef = 62B8974F28B68A7C00F0E6D4 /* LoginManager.swift */; };
		62E5D16828AA5863006C1DD4 /* SafariViewController.swift in Sources */ = {isa = PBXBuildFile; fileRef = 62E5D16728AA5863006C1DD4 /* SafariViewController.swift */; };
		8B5A482328BD4E51003C42E4 /* PrimaryTextField.swift in Sources */ = {isa = PBXBuildFile; fileRef = 8B5A482228BD4E51003C42E4 /* PrimaryTextField.swift */; };
		8B5A482628BD501B003C42E4 /* ColorExtension.swift in Sources */ = {isa = PBXBuildFile; fileRef = 8B5A482528BD501B003C42E4 /* ColorExtension.swift */; };
		8B5A482828BD547E003C42E4 /* FieldValidator.swift in Sources */ = {isa = PBXBuildFile; fileRef = 8B5A482728BD547E003C42E4 /* FieldValidator.swift */; };
/* End PBXBuildFile section */

/* Begin PBXContainerItemProxy section */
		62837712289C586C0088F226 /* PBXContainerItemProxy */ = {
			isa = PBXContainerItemProxy;
			containerPortal = 628376F9289C58690088F226 /* Project object */;
			proxyType = 1;
			remoteGlobalIDString = 62837700289C58690088F226;
			remoteInfo = LoginScreen;
		};
		6283771C289C586C0088F226 /* PBXContainerItemProxy */ = {
			isa = PBXContainerItemProxy;
			containerPortal = 628376F9289C58690088F226 /* Project object */;
			proxyType = 1;
			remoteGlobalIDString = 62837700289C58690088F226;
			remoteInfo = LoginScreen;
		};
/* End PBXContainerItemProxy section */

/* Begin PBXFileReference section */
		620E9723289DA409005D812E /* LoginView.swift */ = {isa = PBXFileReference; lastKnownFileType = sourcecode.swift; path = LoginView.swift; sourceTree = "<group>"; };
		620E9726289ED9F8005D812E /* LoginModel.swift */ = {isa = PBXFileReference; lastKnownFileType = sourcecode.swift; path = LoginModel.swift; sourceTree = "<group>"; };
		62837701289C58690088F226 /* LoginScreen.app */ = {isa = PBXFileReference; explicitFileType = wrapper.application; includeInIndex = 0; path = LoginScreen.app; sourceTree = BUILT_PRODUCTS_DIR; };
		62837704289C58690088F226 /* LoginScreenApp.swift */ = {isa = PBXFileReference; lastKnownFileType = sourcecode.swift; path = LoginScreenApp.swift; sourceTree = "<group>"; };
		62837708289C586C0088F226 /* Assets.xcassets */ = {isa = PBXFileReference; lastKnownFileType = folder.assetcatalog; path = Assets.xcassets; sourceTree = "<group>"; };
		6283770B289C586C0088F226 /* Preview Assets.xcassets */ = {isa = PBXFileReference; lastKnownFileType = folder.assetcatalog; path = "Preview Assets.xcassets"; sourceTree = "<group>"; };
		62837711289C586C0088F226 /* LoginScreenTests.xctest */ = {isa = PBXFileReference; explicitFileType = wrapper.cfbundle; includeInIndex = 0; path = LoginScreenTests.xctest; sourceTree = BUILT_PRODUCTS_DIR; };
		62837715289C586C0088F226 /* LoginScreenTests.swift */ = {isa = PBXFileReference; lastKnownFileType = sourcecode.swift; path = LoginScreenTests.swift; sourceTree = "<group>"; };
		6283771B289C586C0088F226 /* LoginScreenUITests.xctest */ = {isa = PBXFileReference; explicitFileType = wrapper.cfbundle; includeInIndex = 0; path = LoginScreenUITests.xctest; sourceTree = BUILT_PRODUCTS_DIR; };
		6283771F289C586C0088F226 /* LoginScreenUITests.swift */ = {isa = PBXFileReference; lastKnownFileType = sourcecode.swift; path = LoginScreenUITests.swift; sourceTree = "<group>"; };
		62837721289C586C0088F226 /* LoginScreenUITestsLaunchTests.swift */ = {isa = PBXFileReference; lastKnownFileType = sourcecode.swift; path = LoginScreenUITestsLaunchTests.swift; sourceTree = "<group>"; };
		6283772E289C5B570088F226 /* PrimaryButton.swift */ = {isa = PBXFileReference; fileEncoding = 4; lastKnownFileType = sourcecode.swift; path = PrimaryButton.swift; sourceTree = "<group>"; };
		62B8974F28B68A7C00F0E6D4 /* LoginManager.swift */ = {isa = PBXFileReference; lastKnownFileType = sourcecode.swift; path = LoginManager.swift; sourceTree = "<group>"; };
		62E5D16728AA5863006C1DD4 /* SafariViewController.swift */ = {isa = PBXFileReference; lastKnownFileType = sourcecode.swift; path = SafariViewController.swift; sourceTree = "<group>"; };
		8B5A482228BD4E51003C42E4 /* PrimaryTextField.swift */ = {isa = PBXFileReference; lastKnownFileType = sourcecode.swift; path = PrimaryTextField.swift; sourceTree = "<group>"; };
		8B5A482528BD501B003C42E4 /* ColorExtension.swift */ = {isa = PBXFileReference; lastKnownFileType = sourcecode.swift; path = ColorExtension.swift; sourceTree = "<group>"; };
		8B5A482728BD547E003C42E4 /* FieldValidator.swift */ = {isa = PBXFileReference; lastKnownFileType = sourcecode.swift; path = FieldValidator.swift; sourceTree = "<group>"; };
/* End PBXFileReference section */

/* Begin PBXFrameworksBuildPhase section */
		628376FE289C58690088F226 /* Frameworks */ = {
			isa = PBXFrameworksBuildPhase;
			buildActionMask = 2147483647;
			files = (
			);
			runOnlyForDeploymentPostprocessing = 0;
		};
		6283770E289C586C0088F226 /* Frameworks */ = {
			isa = PBXFrameworksBuildPhase;
			buildActionMask = 2147483647;
			files = (
			);
			runOnlyForDeploymentPostprocessing = 0;
		};
		62837718289C586C0088F226 /* Frameworks */ = {
			isa = PBXFrameworksBuildPhase;
			buildActionMask = 2147483647;
			files = (
			);
			runOnlyForDeploymentPostprocessing = 0;
		};
/* End PBXFrameworksBuildPhase section */

/* Begin PBXGroup section */
		620E9725289ED9DE005D812E /* ViewModel */ = {
			isa = PBXGroup;
			children = (
				620E9726289ED9F8005D812E /* LoginModel.swift */,
			);
			path = ViewModel;
			sourceTree = "<group>";
		};
		628376F8289C58690088F226 = {
			isa = PBXGroup;
			children = (
				62837703289C58690088F226 /* LoginScreen */,
				62837714289C586C0088F226 /* LoginScreenTests */,
				6283771E289C586C0088F226 /* LoginScreenUITests */,
				62837702289C58690088F226 /* Products */,
			);
			indentWidth = 4;
			sourceTree = "<group>";
		};
		62837702289C58690088F226 /* Products */ = {
			isa = PBXGroup;
			children = (
				62837701289C58690088F226 /* LoginScreen.app */,
				62837711289C586C0088F226 /* LoginScreenTests.xctest */,
				6283771B289C586C0088F226 /* LoginScreenUITests.xctest */,
			);
			name = Products;
			sourceTree = "<group>";
		};
		62837703289C58690088F226 /* LoginScreen */ = {
			isa = PBXGroup;
			children = (
				8B5A482428BD5007003C42E4 /* Extensions */,
				62B8974E28B68A5D00F0E6D4 /* Managers */,
				620E9725289ED9DE005D812E /* ViewModel */,
				62837732289C5C2C0088F226 /* View */,
				62837704289C58690088F226 /* LoginScreenApp.swift */,
				62837708289C586C0088F226 /* Assets.xcassets */,
				6283770A289C586C0088F226 /* Preview Content */,
			);
			path = LoginScreen;
			sourceTree = "<group>";
		};
		6283770A289C586C0088F226 /* Preview Content */ = {
			isa = PBXGroup;
			children = (
				6283770B289C586C0088F226 /* Preview Assets.xcassets */,
			);
			path = "Preview Content";
			sourceTree = "<group>";
		};
		62837714289C586C0088F226 /* LoginScreenTests */ = {
			isa = PBXGroup;
			children = (
				62837715289C586C0088F226 /* LoginScreenTests.swift */,
			);
			path = LoginScreenTests;
			sourceTree = "<group>";
		};
		6283771E289C586C0088F226 /* LoginScreenUITests */ = {
			isa = PBXGroup;
			children = (
				6283771F289C586C0088F226 /* LoginScreenUITests.swift */,
				62837721289C586C0088F226 /* LoginScreenUITestsLaunchTests.swift */,
			);
			path = LoginScreenUITests;
			sourceTree = "<group>";
		};
		62837732289C5C2C0088F226 /* View */ = {
			isa = PBXGroup;
			children = (
				6283772E289C5B570088F226 /* PrimaryButton.swift */,
				8B5A482228BD4E51003C42E4 /* PrimaryTextField.swift */,
				62E5D16728AA5863006C1DD4 /* SafariViewController.swift */,
				620E9723289DA409005D812E /* LoginView.swift */,
			);
			path = View;
			sourceTree = "<group>";
		};
		62B8974E28B68A5D00F0E6D4 /* Managers */ = {
			isa = PBXGroup;
			children = (
				62B8974F28B68A7C00F0E6D4 /* LoginManager.swift */,
				8B5A482728BD547E003C42E4 /* FieldValidator.swift */,
			);
			path = Managers;
			sourceTree = "<group>";
		};
		8B5A482428BD5007003C42E4 /* Extensions */ = {
			isa = PBXGroup;
			children = (
				8B5A482528BD501B003C42E4 /* ColorExtension.swift */,
			);
			path = Extensions;
			sourceTree = "<group>";
		};
/* End PBXGroup section */

/* Begin PBXNativeTarget section */
		62837700289C58690088F226 /* LoginScreen */ = {
			isa = PBXNativeTarget;
			buildConfigurationList = 62837725289C586C0088F226 /* Build configuration list for PBXNativeTarget "LoginScreen" */;
			buildPhases = (
				628376FD289C58690088F226 /* Sources */,
				628376FE289C58690088F226 /* Frameworks */,
				628376FF289C58690088F226 /* Resources */,
			);
			buildRules = (
			);
			dependencies = (
			);
			name = LoginScreen;
			productName = LoginScreen;
			productReference = 62837701289C58690088F226 /* LoginScreen.app */;
			productType = "com.apple.product-type.application";
		};
		62837710289C586C0088F226 /* LoginScreenTests */ = {
			isa = PBXNativeTarget;
			buildConfigurationList = 62837728289C586C0088F226 /* Build configuration list for PBXNativeTarget "LoginScreenTests" */;
			buildPhases = (
				6283770D289C586C0088F226 /* Sources */,
				6283770E289C586C0088F226 /* Frameworks */,
				6283770F289C586C0088F226 /* Resources */,
			);
			buildRules = (
			);
			dependencies = (
				62837713289C586C0088F226 /* PBXTargetDependency */,
			);
			name = LoginScreenTests;
			productName = LoginScreenTests;
			productReference = 62837711289C586C0088F226 /* LoginScreenTests.xctest */;
			productType = "com.apple.product-type.bundle.unit-test";
		};
		6283771A289C586C0088F226 /* LoginScreenUITests */ = {
			isa = PBXNativeTarget;
			buildConfigurationList = 6283772B289C586C0088F226 /* Build configuration list for PBXNativeTarget "LoginScreenUITests" */;
			buildPhases = (
				62837717289C586C0088F226 /* Sources */,
				62837718289C586C0088F226 /* Frameworks */,
				62837719289C586C0088F226 /* Resources */,
			);
			buildRules = (
			);
			dependencies = (
				6283771D289C586C0088F226 /* PBXTargetDependency */,
			);
			name = LoginScreenUITests;
			productName = LoginScreenUITests;
			productReference = 6283771B289C586C0088F226 /* LoginScreenUITests.xctest */;
			productType = "com.apple.product-type.bundle.ui-testing";
		};
/* End PBXNativeTarget section */

/* Begin PBXProject section */
		628376F9289C58690088F226 /* Project object */ = {
			isa = PBXProject;
			attributes = {
				BuildIndependentTargetsInParallel = 1;
				LastSwiftUpdateCheck = 1340;
				LastUpgradeCheck = 1340;
				TargetAttributes = {
					62837700289C58690088F226 = {
						CreatedOnToolsVersion = 13.4.1;
					};
					62837710289C586C0088F226 = {
						CreatedOnToolsVersion = 13.4.1;
						TestTargetID = 62837700289C58690088F226;
					};
					6283771A289C586C0088F226 = {
						CreatedOnToolsVersion = 13.4.1;
						TestTargetID = 62837700289C58690088F226;
					};
				};
			};
			buildConfigurationList = 628376FC289C58690088F226 /* Build configuration list for PBXProject "LoginScreen" */;
			compatibilityVersion = "Xcode 13.0";
			developmentRegion = en;
			hasScannedForEncodings = 0;
			knownRegions = (
				en,
				Base,
			);
			mainGroup = 628376F8289C58690088F226;
			productRefGroup = 62837702289C58690088F226 /* Products */;
			projectDirPath = "";
			projectRoot = "";
			targets = (
				62837700289C58690088F226 /* LoginScreen */,
				62837710289C586C0088F226 /* LoginScreenTests */,
				6283771A289C586C0088F226 /* LoginScreenUITests */,
			);
		};
/* End PBXProject section */

/* Begin PBXResourcesBuildPhase section */
		628376FF289C58690088F226 /* Resources */ = {
			isa = PBXResourcesBuildPhase;
			buildActionMask = 2147483647;
			files = (
				6283770C289C586C0088F226 /* Preview Assets.xcassets in Resources */,
				62837709289C586C0088F226 /* Assets.xcassets in Resources */,
			);
			runOnlyForDeploymentPostprocessing = 0;
		};
		6283770F289C586C0088F226 /* Resources */ = {
			isa = PBXResourcesBuildPhase;
			buildActionMask = 2147483647;
			files = (
			);
			runOnlyForDeploymentPostprocessing = 0;
		};
		62837719289C586C0088F226 /* Resources */ = {
			isa = PBXResourcesBuildPhase;
			buildActionMask = 2147483647;
			files = (
			);
			runOnlyForDeploymentPostprocessing = 0;
		};
/* End PBXResourcesBuildPhase section */

/* Begin PBXSourcesBuildPhase section */
		628376FD289C58690088F226 /* Sources */ = {
			isa = PBXSourcesBuildPhase;
			buildActionMask = 2147483647;
			files = (
				620E9727289ED9F8005D812E /* LoginModel.swift in Sources */,
				6283772F289C5B570088F226 /* PrimaryButton.swift in Sources */,
				8B5A482628BD501B003C42E4 /* ColorExtension.swift in Sources */,
				62B8975028B68A7C00F0E6D4 /* LoginManager.swift in Sources */,
				620E9724289DA409005D812E /* LoginView.swift in Sources */,
				62837705289C58690088F226 /* LoginScreenApp.swift in Sources */,
				8B5A482828BD547E003C42E4 /* FieldValidator.swift in Sources */,
				8B5A482328BD4E51003C42E4 /* PrimaryTextField.swift in Sources */,
				62E5D16828AA5863006C1DD4 /* SafariViewController.swift in Sources */,
			);
			runOnlyForDeploymentPostprocessing = 0;
		};
		6283770D289C586C0088F226 /* Sources */ = {
			isa = PBXSourcesBuildPhase;
			buildActionMask = 2147483647;
			files = (
				62837716289C586C0088F226 /* LoginScreenTests.swift in Sources */,
			);
			runOnlyForDeploymentPostprocessing = 0;
		};
		62837717289C586C0088F226 /* Sources */ = {
			isa = PBXSourcesBuildPhase;
			buildActionMask = 2147483647;
			files = (
				62837722289C586C0088F226 /* LoginScreenUITestsLaunchTests.swift in Sources */,
				62837720289C586C0088F226 /* LoginScreenUITests.swift in Sources */,
			);
			runOnlyForDeploymentPostprocessing = 0;
		};
/* End PBXSourcesBuildPhase section */

/* Begin PBXTargetDependency section */
		62837713289C586C0088F226 /* PBXTargetDependency */ = {
			isa = PBXTargetDependency;
			target = 62837700289C58690088F226 /* LoginScreen */;
			targetProxy = 62837712289C586C0088F226 /* PBXContainerItemProxy */;
		};
		6283771D289C586C0088F226 /* PBXTargetDependency */ = {
			isa = PBXTargetDependency;
			target = 62837700289C58690088F226 /* LoginScreen */;
			targetProxy = 6283771C289C586C0088F226 /* PBXContainerItemProxy */;
		};
/* End PBXTargetDependency section */

/* Begin XCBuildConfiguration section */
		62837723289C586C0088F226 /* Debug */ = {
			isa = XCBuildConfiguration;
			buildSettings = {
				ALWAYS_SEARCH_USER_PATHS = NO;
				CLANG_ANALYZER_NONNULL = YES;
				CLANG_ANALYZER_NUMBER_OBJECT_CONVERSION = YES_AGGRESSIVE;
				CLANG_CXX_LANGUAGE_STANDARD = "gnu++17";
				CLANG_ENABLE_MODULES = YES;
				CLANG_ENABLE_OBJC_ARC = YES;
				CLANG_ENABLE_OBJC_WEAK = YES;
				CLANG_WARN_BLOCK_CAPTURE_AUTORELEASING = YES;
				CLANG_WARN_BOOL_CONVERSION = YES;
				CLANG_WARN_COMMA = YES;
				CLANG_WARN_CONSTANT_CONVERSION = YES;
				CLANG_WARN_DEPRECATED_OBJC_IMPLEMENTATIONS = YES;
				CLANG_WARN_DIRECT_OBJC_ISA_USAGE = YES_ERROR;
				CLANG_WARN_DOCUMENTATION_COMMENTS = YES;
				CLANG_WARN_EMPTY_BODY = YES;
				CLANG_WARN_ENUM_CONVERSION = YES;
				CLANG_WARN_INFINITE_RECURSION = YES;
				CLANG_WARN_INT_CONVERSION = YES;
				CLANG_WARN_NON_LITERAL_NULL_CONVERSION = YES;
				CLANG_WARN_OBJC_IMPLICIT_RETAIN_SELF = YES;
				CLANG_WARN_OBJC_LITERAL_CONVERSION = YES;
				CLANG_WARN_OBJC_ROOT_CLASS = YES_ERROR;
				CLANG_WARN_QUOTED_INCLUDE_IN_FRAMEWORK_HEADER = YES;
				CLANG_WARN_RANGE_LOOP_ANALYSIS = YES;
				CLANG_WARN_STRICT_PROTOTYPES = YES;
				CLANG_WARN_SUSPICIOUS_MOVE = YES;
				CLANG_WARN_UNGUARDED_AVAILABILITY = YES_AGGRESSIVE;
				CLANG_WARN_UNREACHABLE_CODE = YES;
				CLANG_WARN__DUPLICATE_METHOD_MATCH = YES;
				COPY_PHASE_STRIP = NO;
				DEBUG_INFORMATION_FORMAT = dwarf;
				ENABLE_STRICT_OBJC_MSGSEND = YES;
				ENABLE_TESTABILITY = YES;
				GCC_C_LANGUAGE_STANDARD = gnu11;
				GCC_DYNAMIC_NO_PIC = NO;
				GCC_NO_COMMON_BLOCKS = YES;
				GCC_OPTIMIZATION_LEVEL = 0;
				GCC_PREPROCESSOR_DEFINITIONS = (
					"DEBUG=1",
					"$(inherited)",
				);
				GCC_WARN_64_TO_32_BIT_CONVERSION = YES;
				GCC_WARN_ABOUT_RETURN_TYPE = YES_ERROR;
				GCC_WARN_UNDECLARED_SELECTOR = YES;
				GCC_WARN_UNINITIALIZED_AUTOS = YES_AGGRESSIVE;
				GCC_WARN_UNUSED_FUNCTION = YES;
				GCC_WARN_UNUSED_VARIABLE = YES;
				IPHONEOS_DEPLOYMENT_TARGET = 15.5;
				MTL_ENABLE_DEBUG_INFO = INCLUDE_SOURCE;
				MTL_FAST_MATH = YES;
				ONLY_ACTIVE_ARCH = YES;
				SDKROOT = iphoneos;
				SWIFT_ACTIVE_COMPILATION_CONDITIONS = DEBUG;
				SWIFT_OPTIMIZATION_LEVEL = "-Onone";
			};
			name = Debug;
		};
		62837724289C586C0088F226 /* Release */ = {
			isa = XCBuildConfiguration;
			buildSettings = {
				ALWAYS_SEARCH_USER_PATHS = NO;
				CLANG_ANALYZER_NONNULL = YES;
				CLANG_ANALYZER_NUMBER_OBJECT_CONVERSION = YES_AGGRESSIVE;
				CLANG_CXX_LANGUAGE_STANDARD = "gnu++17";
				CLANG_ENABLE_MODULES = YES;
				CLANG_ENABLE_OBJC_ARC = YES;
				CLANG_ENABLE_OBJC_WEAK = YES;
				CLANG_WARN_BLOCK_CAPTURE_AUTORELEASING = YES;
				CLANG_WARN_BOOL_CONVERSION = YES;
				CLANG_WARN_COMMA = YES;
				CLANG_WARN_CONSTANT_CONVERSION = YES;
				CLANG_WARN_DEPRECATED_OBJC_IMPLEMENTATIONS = YES;
				CLANG_WARN_DIRECT_OBJC_ISA_USAGE = YES_ERROR;
				CLANG_WARN_DOCUMENTATION_COMMENTS = YES;
				CLANG_WARN_EMPTY_BODY = YES;
				CLANG_WARN_ENUM_CONVERSION = YES;
				CLANG_WARN_INFINITE_RECURSION = YES;
				CLANG_WARN_INT_CONVERSION = YES;
				CLANG_WARN_NON_LITERAL_NULL_CONVERSION = YES;
				CLANG_WARN_OBJC_IMPLICIT_RETAIN_SELF = YES;
				CLANG_WARN_OBJC_LITERAL_CONVERSION = YES;
				CLANG_WARN_OBJC_ROOT_CLASS = YES_ERROR;
				CLANG_WARN_QUOTED_INCLUDE_IN_FRAMEWORK_HEADER = YES;
				CLANG_WARN_RANGE_LOOP_ANALYSIS = YES;
				CLANG_WARN_STRICT_PROTOTYPES = YES;
				CLANG_WARN_SUSPICIOUS_MOVE = YES;
				CLANG_WARN_UNGUARDED_AVAILABILITY = YES_AGGRESSIVE;
				CLANG_WARN_UNREACHABLE_CODE = YES;
				CLANG_WARN__DUPLICATE_METHOD_MATCH = YES;
				COPY_PHASE_STRIP = NO;
				DEBUG_INFORMATION_FORMAT = "dwarf-with-dsym";
				ENABLE_NS_ASSERTIONS = NO;
				ENABLE_STRICT_OBJC_MSGSEND = YES;
				GCC_C_LANGUAGE_STANDARD = gnu11;
				GCC_NO_COMMON_BLOCKS = YES;
				GCC_WARN_64_TO_32_BIT_CONVERSION = YES;
				GCC_WARN_ABOUT_RETURN_TYPE = YES_ERROR;
				GCC_WARN_UNDECLARED_SELECTOR = YES;
				GCC_WARN_UNINITIALIZED_AUTOS = YES_AGGRESSIVE;
				GCC_WARN_UNUSED_FUNCTION = YES;
				GCC_WARN_UNUSED_VARIABLE = YES;
				IPHONEOS_DEPLOYMENT_TARGET = 15.5;
				MTL_ENABLE_DEBUG_INFO = NO;
				MTL_FAST_MATH = YES;
				SDKROOT = iphoneos;
				SWIFT_COMPILATION_MODE = wholemodule;
				SWIFT_OPTIMIZATION_LEVEL = "-O";
				VALIDATE_PRODUCT = YES;
			};
			name = Release;
		};
		62837726289C586C0088F226 /* Debug */ = {
			isa = XCBuildConfiguration;
			buildSettings = {
				ASSETCATALOG_COMPILER_APPICON_NAME = AppIcon;
				ASSETCATALOG_COMPILER_GLOBAL_ACCENT_COLOR_NAME = AccentColor;
				CODE_SIGN_IDENTITY = "Apple Development";
				CODE_SIGN_STYLE = Automatic;
				CURRENT_PROJECT_VERSION = 1;
				DEVELOPMENT_ASSET_PATHS = "\"LoginScreen/Preview Content\"";
				DEVELOPMENT_TEAM = GQAPHD98UK;
				ENABLE_PREVIEWS = YES;
				GENERATE_INFOPLIST_FILE = YES;
				INFOPLIST_KEY_UIApplicationSceneManifest_Generation = YES;
				INFOPLIST_KEY_UIApplicationSupportsIndirectInputEvents = YES;
				INFOPLIST_KEY_UILaunchScreen_Generation = YES;
				INFOPLIST_KEY_UISupportedInterfaceOrientations_iPad = "UIInterfaceOrientationPortrait UIInterfaceOrientationPortraitUpsideDown UIInterfaceOrientationLandscapeLeft UIInterfaceOrientationLandscapeRight";
				INFOPLIST_KEY_UISupportedInterfaceOrientations_iPhone = "UIInterfaceOrientationPortrait UIInterfaceOrientationLandscapeLeft UIInterfaceOrientationLandscapeRight";
				LD_RUNPATH_SEARCH_PATHS = (
					"$(inherited)",
					"@executable_path/Frameworks",
				);
				MARKETING_VERSION = 1.0;
				PRODUCT_BUNDLE_IDENTIFIER = com.domkin.LoginScreen;
				PRODUCT_NAME = "$(TARGET_NAME)";
				PROVISIONING_PROFILE_SPECIFIER = "";
				SWIFT_EMIT_LOC_STRINGS = YES;
				SWIFT_VERSION = 5.0;
				TARGETED_DEVICE_FAMILY = "1,2";
			};
			name = Debug;
		};
		62837727289C586C0088F226 /* Release */ = {
			isa = XCBuildConfiguration;
			buildSettings = {
				ASSETCATALOG_COMPILER_APPICON_NAME = AppIcon;
				ASSETCATALOG_COMPILER_GLOBAL_ACCENT_COLOR_NAME = AccentColor;
				CODE_SIGN_IDENTITY = "Apple Development";
				CODE_SIGN_STYLE = Automatic;
				CURRENT_PROJECT_VERSION = 1;
				DEVELOPMENT_ASSET_PATHS = "\"LoginScreen/Preview Content\"";
				DEVELOPMENT_TEAM = GQAPHD98UK;
				ENABLE_PREVIEWS = YES;
				GENERATE_INFOPLIST_FILE = YES;
				INFOPLIST_KEY_UIApplicationSceneManifest_Generation = YES;
				INFOPLIST_KEY_UIApplicationSupportsIndirectInputEvents = YES;
				INFOPLIST_KEY_UILaunchScreen_Generation = YES;
				INFOPLIST_KEY_UISupportedInterfaceOrientations_iPad = "UIInterfaceOrientationPortrait UIInterfaceOrientationPortraitUpsideDown UIInterfaceOrientationLandscapeLeft UIInterfaceOrientationLandscapeRight";
				INFOPLIST_KEY_UISupportedInterfaceOrientations_iPhone = "UIInterfaceOrientationPortrait UIInterfaceOrientationLandscapeLeft UIInterfaceOrientationLandscapeRight";
				LD_RUNPATH_SEARCH_PATHS = (
					"$(inherited)",
					"@executable_path/Frameworks",
				);
				MARKETING_VERSION = 1.0;
				PRODUCT_BUNDLE_IDENTIFIER = com.domkin.LoginScreen;
				PRODUCT_NAME = "$(TARGET_NAME)";
				PROVISIONING_PROFILE_SPECIFIER = "";
				SWIFT_EMIT_LOC_STRINGS = YES;
				SWIFT_VERSION = 5.0;
				TARGETED_DEVICE_FAMILY = "1,2";
			};
			name = Release;
		};
		62837729289C586C0088F226 /* Debug */ = {
			isa = XCBuildConfiguration;
			buildSettings = {
				ALWAYS_EMBED_SWIFT_STANDARD_LIBRARIES = YES;
				BUNDLE_LOADER = "$(TEST_HOST)";
				CODE_SIGN_STYLE = Automatic;
				CURRENT_PROJECT_VERSION = 1;
				DEVELOPMENT_TEAM = GQAPHD98UK;
				GENERATE_INFOPLIST_FILE = YES;
				IPHONEOS_DEPLOYMENT_TARGET = 15.5;
				MARKETING_VERSION = 1.0;
				PRODUCT_BUNDLE_IDENTIFIER = com.domkin.LoginScreenTests;
				PRODUCT_NAME = "$(TARGET_NAME)";
				SWIFT_EMIT_LOC_STRINGS = NO;
				SWIFT_VERSION = 5.0;
				TARGETED_DEVICE_FAMILY = "1,2";
				TEST_HOST = "$(BUILT_PRODUCTS_DIR)/LoginScreen.app/LoginScreen";
			};
			name = Debug;
		};
		6283772A289C586C0088F226 /* Release */ = {
			isa = XCBuildConfiguration;
			buildSettings = {
				ALWAYS_EMBED_SWIFT_STANDARD_LIBRARIES = YES;
				BUNDLE_LOADER = "$(TEST_HOST)";
				CODE_SIGN_STYLE = Automatic;
				CURRENT_PROJECT_VERSION = 1;
				DEVELOPMENT_TEAM = GQAPHD98UK;
				GENERATE_INFOPLIST_FILE = YES;
				IPHONEOS_DEPLOYMENT_TARGET = 15.5;
				MARKETING_VERSION = 1.0;
				PRODUCT_BUNDLE_IDENTIFIER = com.domkin.LoginScreenTests;
				PRODUCT_NAME = "$(TARGET_NAME)";
				SWIFT_EMIT_LOC_STRINGS = NO;
				SWIFT_VERSION = 5.0;
				TARGETED_DEVICE_FAMILY = "1,2";
				TEST_HOST = "$(BUILT_PRODUCTS_DIR)/LoginScreen.app/LoginScreen";
			};
			name = Release;
		};
		6283772C289C586C0088F226 /* Debug */ = {
			isa = XCBuildConfiguration;
			buildSettings = {
				ALWAYS_EMBED_SWIFT_STANDARD_LIBRARIES = YES;
				CODE_SIGN_STYLE = Automatic;
				CURRENT_PROJECT_VERSION = 1;
				DEVELOPMENT_TEAM = GQAPHD98UK;
				GENERATE_INFOPLIST_FILE = YES;
				MARKETING_VERSION = 1.0;
				PRODUCT_BUNDLE_IDENTIFIER = com.domkin.LoginScreenUITests;
				PRODUCT_NAME = "$(TARGET_NAME)";
				SWIFT_EMIT_LOC_STRINGS = NO;
				SWIFT_VERSION = 5.0;
				TARGETED_DEVICE_FAMILY = "1,2";
				TEST_TARGET_NAME = LoginScreen;
			};
			name = Debug;
		};
		6283772D289C586C0088F226 /* Release */ = {
			isa = XCBuildConfiguration;
			buildSettings = {
				ALWAYS_EMBED_SWIFT_STANDARD_LIBRARIES = YES;
				CODE_SIGN_STYLE = Automatic;
				CURRENT_PROJECT_VERSION = 1;
				DEVELOPMENT_TEAM = GQAPHD98UK;
				GENERATE_INFOPLIST_FILE = YES;
				MARKETING_VERSION = 1.0;
				PRODUCT_BUNDLE_IDENTIFIER = com.domkin.LoginScreenUITests;
				PRODUCT_NAME = "$(TARGET_NAME)";
				SWIFT_EMIT_LOC_STRINGS = NO;
				SWIFT_VERSION = 5.0;
				TARGETED_DEVICE_FAMILY = "1,2";
				TEST_TARGET_NAME = LoginScreen;
			};
			name = Release;
		};
/* End XCBuildConfiguration section */

/* Begin XCConfigurationList section */
		628376FC289C58690088F226 /* Build configuration list for PBXProject "LoginScreen" */ = {
			isa = XCConfigurationList;
			buildConfigurations = (
				62837723289C586C0088F226 /* Debug */,
				62837724289C586C0088F226 /* Release */,
			);
			defaultConfigurationIsVisible = 0;
			defaultConfigurationName = Release;
		};
		62837725289C586C0088F226 /* Build configuration list for PBXNativeTarget "LoginScreen" */ = {
			isa = XCConfigurationList;
			buildConfigurations = (
				62837726289C586C0088F226 /* Debug */,
				62837727289C586C0088F226 /* Release */,
			);
			defaultConfigurationIsVisible = 0;
			defaultConfigurationName = Release;
		};
		62837728289C586C0088F226 /* Build configuration list for PBXNativeTarget "LoginScreenTests" */ = {
			isa = XCConfigurationList;
			buildConfigurations = (
				62837729289C586C0088F226 /* Debug */,
				6283772A289C586C0088F226 /* Release */,
			);
			defaultConfigurationIsVisible = 0;
			defaultConfigurationName = Release;
		};
		6283772B289C586C0088F226 /* Build configuration list for PBXNativeTarget "LoginScreenUITests" */ = {
			isa = XCConfigurationList;
			buildConfigurations = (
				6283772C289C586C0088F226 /* Debug */,
				6283772D289C586C0088F226 /* Release */,
			);
			defaultConfigurationIsVisible = 0;
			defaultConfigurationName = Release;
		};
/* End XCConfigurationList section */
	};
	rootObject = 628376F9289C58690088F226 /* Project object */;
}
